
Microsoft Visual Studio Solution File, Format Version 12.00
# Visual Studio 15
VisualStudioVersion = 15.0.27130.2010
MinimumVisualStudioVersion = 10.0.40219.1
Project("{F184B08F-C81C-45F6-A57F-5ABD9991F28F}") = "Clock Wizard Wizard", "Clock Wizard Wizard.vbproj", "{659C8FEA-5BE0-4121-A550-032FE970E1F5}"
EndProject
Global
	GlobalSection(SolutionConfigurationPlatforms) = preSolution
		Debug|Any CPU = Debug|Any CPU
		Release|Any CPU = Release|Any CPU
	EndGlobalSection
	GlobalSection(ProjectConfigurationPlatforms) = postSolution
		{659C8FEA-5BE0-4121-A550-032FE970E1F5}.Debug|Any CPU.ActiveCfg = Debug|Any CPU
		{659C8FEA-5BE0-4121-A550-032FE970E1F5}.Debug|Any CPU.Build.0 = Debug|Any CPU
		{659C8FEA-5BE0-4121-A550-032FE970E1F5}.Release|Any CPU.ActiveCfg = Release|Any CPU
		{659C8FEA-5BE0-4121-A550-032FE970E1F5}.Release|Any CPU.Build.0 = Release|Any CPU
	EndGlobalSection
	GlobalSection(SolutionProperties) = preSolution
		HideSolutionNode = FALSE
	EndGlobalSection
	GlobalSection(ExtensibilityGlobals) = postSolution
		SolutionGuid = {0360D6C8-E132-4953-ADC8-0365067FC426}
	EndGlobalSection
EndGlobal
